// !$*UTF8*$!
{
	archiveVersion = 1;
	classes = {
	};
	objectVersion = 56;
	objects = {

/* Begin PBXBuildFile section */
		424E4B3829F7775500235AE4 /* TheMovieDBSwiftApp.swift in Sources */ = {isa = PBXBuildFile; fileRef = 424E4B3729F7775500235AE4 /* TheMovieDBSwiftApp.swift */; };
		424E4B3A29F7775500235AE4 /* ContentView.swift in Sources */ = {isa = PBXBuildFile; fileRef = 424E4B3929F7775500235AE4 /* ContentView.swift */; };
		424E4B3C29F7775700235AE4 /* Assets.xcassets in Resources */ = {isa = PBXBuildFile; fileRef = 424E4B3B29F7775700235AE4 /* Assets.xcassets */; };
		424E4B3F29F7775700235AE4 /* Preview Assets.xcassets in Resources */ = {isa = PBXBuildFile; fileRef = 424E4B3E29F7775700235AE4 /* Preview Assets.xcassets */; };
		424E4B4929F7775700235AE4 /* TheMovieDBSwiftTests.swift in Sources */ = {isa = PBXBuildFile; fileRef = 424E4B4829F7775700235AE4 /* TheMovieDBSwiftTests.swift */; };
		424E4B5329F7775700235AE4 /* TheMovieDBSwiftUITests.swift in Sources */ = {isa = PBXBuildFile; fileRef = 424E4B5229F7775700235AE4 /* TheMovieDBSwiftUITests.swift */; };
		424E4B5529F7775700235AE4 /* TheMovieDBSwiftUITestsLaunchTests.swift in Sources */ = {isa = PBXBuildFile; fileRef = 424E4B5429F7775700235AE4 /* TheMovieDBSwiftUITestsLaunchTests.swift */; };
		424E4B6729F77C9400235AE4 /* MovieListViewModel.swift in Sources */ = {isa = PBXBuildFile; fileRef = 424E4B6629F77C9400235AE4 /* MovieListViewModel.swift */; };
		424E4B6929F77CE300235AE4 /* MovieRepositoryProtocol.swift in Sources */ = {isa = PBXBuildFile; fileRef = 424E4B6829F77CE300235AE4 /* MovieRepositoryProtocol.swift */; };
		424E4B6C29F77D2300235AE4 /* Movie.swift in Sources */ = {isa = PBXBuildFile; fileRef = 424E4B6B29F77D2300235AE4 /* Movie.swift */; };
		424E4B6E29F785D800235AE4 /* MovieListView.swift in Sources */ = {isa = PBXBuildFile; fileRef = 424E4B6D29F785D800235AE4 /* MovieListView.swift */; };
		424E4B7029F7866000235AE4 /* MovieListRowView.swift in Sources */ = {isa = PBXBuildFile; fileRef = 424E4B6F29F7866000235AE4 /* MovieListRowView.swift */; };
		424E4B7229F787A000235AE4 /* MoviePosterView.swift in Sources */ = {isa = PBXBuildFile; fileRef = 424E4B7129F787A000235AE4 /* MoviePosterView.swift */; };
		424E4B7729F78DDF00235AE4 /* MovieDetailView.swift in Sources */ = {isa = PBXBuildFile; fileRef = 424E4B7629F78DDF00235AE4 /* MovieDetailView.swift */; };
		424E4B7929F78E2700235AE4 /* MovieDetailViewModel.swift in Sources */ = {isa = PBXBuildFile; fileRef = 424E4B7829F78E2700235AE4 /* MovieDetailViewModel.swift */; };
		424E4B7C29F7900C00235AE4 /* NetworkClient.swift in Sources */ = {isa = PBXBuildFile; fileRef = 424E4B7B29F7900C00235AE4 /* NetworkClient.swift */; };
		424E4B7E29F7905900235AE4 /* MovieListResponse.swift in Sources */ = {isa = PBXBuildFile; fileRef = 424E4B7D29F7905900235AE4 /* MovieListResponse.swift */; };
		424E4B8029F790C700235AE4 /* MovieCache.swift in Sources */ = {isa = PBXBuildFile; fileRef = 424E4B7F29F790C600235AE4 /* MovieCache.swift */; };
		424E4B8329F7A64100235AE4 /* RemoteImage in Frameworks */ = {isa = PBXBuildFile; productRef = 424E4B8229F7A64100235AE4 /* RemoteImage */; };
		424E4B8629F7C41F00235AE4 /* ParamProtocol.swift in Sources */ = {isa = PBXBuildFile; fileRef = 424E4B8529F7C41F00235AE4 /* ParamProtocol.swift */; };
		424E4B8829F7C4C100235AE4 /* MovieParam.swift in Sources */ = {isa = PBXBuildFile; fileRef = 424E4B8729F7C4C100235AE4 /* MovieParam.swift */; };
/* End PBXBuildFile section */

/* Begin PBXContainerItemProxy section */
		424E4B4529F7775700235AE4 /* PBXContainerItemProxy */ = {
			isa = PBXContainerItemProxy;
			containerPortal = 424E4B2C29F7775500235AE4 /* Project object */;
			proxyType = 1;
			remoteGlobalIDString = 424E4B3329F7775500235AE4;
			remoteInfo = TheMovieDBSwift;
		};
		424E4B4F29F7775700235AE4 /* PBXContainerItemProxy */ = {
			isa = PBXContainerItemProxy;
			containerPortal = 424E4B2C29F7775500235AE4 /* Project object */;
			proxyType = 1;
			remoteGlobalIDString = 424E4B3329F7775500235AE4;
			remoteInfo = TheMovieDBSwift;
		};
/* End PBXContainerItemProxy section */

/* Begin PBXFileReference section */
		424E4B3429F7775500235AE4 /* TheMovieDBSwift.app */ = {isa = PBXFileReference; explicitFileType = wrapper.application; includeInIndex = 0; path = TheMovieDBSwift.app; sourceTree = BUILT_PRODUCTS_DIR; };
		424E4B3729F7775500235AE4 /* TheMovieDBSwiftApp.swift */ = {isa = PBXFileReference; lastKnownFileType = sourcecode.swift; path = TheMovieDBSwiftApp.swift; sourceTree = "<group>"; };
		424E4B3929F7775500235AE4 /* ContentView.swift */ = {isa = PBXFileReference; lastKnownFileType = sourcecode.swift; path = ContentView.swift; sourceTree = "<group>"; };
		424E4B3B29F7775700235AE4 /* Assets.xcassets */ = {isa = PBXFileReference; lastKnownFileType = folder.assetcatalog; path = Assets.xcassets; sourceTree = "<group>"; };
		424E4B3E29F7775700235AE4 /* Preview Assets.xcassets */ = {isa = PBXFileReference; lastKnownFileType = folder.assetcatalog; path = "Preview Assets.xcassets"; sourceTree = "<group>"; };
		424E4B4429F7775700235AE4 /* TheMovieDBSwiftTests.xctest */ = {isa = PBXFileReference; explicitFileType = wrapper.cfbundle; includeInIndex = 0; path = TheMovieDBSwiftTests.xctest; sourceTree = BUILT_PRODUCTS_DIR; };
		424E4B4829F7775700235AE4 /* TheMovieDBSwiftTests.swift */ = {isa = PBXFileReference; lastKnownFileType = sourcecode.swift; path = TheMovieDBSwiftTests.swift; sourceTree = "<group>"; };
		424E4B4E29F7775700235AE4 /* TheMovieDBSwiftUITests.xctest */ = {isa = PBXFileReference; explicitFileType = wrapper.cfbundle; includeInIndex = 0; path = TheMovieDBSwiftUITests.xctest; sourceTree = BUILT_PRODUCTS_DIR; };
		424E4B5229F7775700235AE4 /* TheMovieDBSwiftUITests.swift */ = {isa = PBXFileReference; lastKnownFileType = sourcecode.swift; path = TheMovieDBSwiftUITests.swift; sourceTree = "<group>"; };
		424E4B5429F7775700235AE4 /* TheMovieDBSwiftUITestsLaunchTests.swift */ = {isa = PBXFileReference; lastKnownFileType = sourcecode.swift; path = TheMovieDBSwiftUITestsLaunchTests.swift; sourceTree = "<group>"; };
		424E4B6629F77C9400235AE4 /* MovieListViewModel.swift */ = {isa = PBXFileReference; lastKnownFileType = sourcecode.swift; path = MovieListViewModel.swift; sourceTree = "<group>"; };
		424E4B6829F77CE300235AE4 /* MovieRepositoryProtocol.swift */ = {isa = PBXFileReference; lastKnownFileType = sourcecode.swift; path = MovieRepositoryProtocol.swift; sourceTree = "<group>"; };
		424E4B6B29F77D2300235AE4 /* Movie.swift */ = {isa = PBXFileReference; lastKnownFileType = sourcecode.swift; path = Movie.swift; sourceTree = "<group>"; };
		424E4B6D29F785D800235AE4 /* MovieListView.swift */ = {isa = PBXFileReference; lastKnownFileType = sourcecode.swift; path = MovieListView.swift; sourceTree = "<group>"; };
		424E4B6F29F7866000235AE4 /* MovieListRowView.swift */ = {isa = PBXFileReference; lastKnownFileType = sourcecode.swift; path = MovieListRowView.swift; sourceTree = "<group>"; };
		424E4B7129F787A000235AE4 /* MoviePosterView.swift */ = {isa = PBXFileReference; lastKnownFileType = sourcecode.swift; path = MoviePosterView.swift; sourceTree = "<group>"; };
		424E4B7629F78DDF00235AE4 /* MovieDetailView.swift */ = {isa = PBXFileReference; lastKnownFileType = sourcecode.swift; path = MovieDetailView.swift; sourceTree = "<group>"; };
		424E4B7829F78E2700235AE4 /* MovieDetailViewModel.swift */ = {isa = PBXFileReference; lastKnownFileType = sourcecode.swift; path = MovieDetailViewModel.swift; sourceTree = "<group>"; };
		424E4B7B29F7900C00235AE4 /* NetworkClient.swift */ = {isa = PBXFileReference; lastKnownFileType = sourcecode.swift; path = NetworkClient.swift; sourceTree = "<group>"; };
		424E4B7D29F7905900235AE4 /* MovieListResponse.swift */ = {isa = PBXFileReference; lastKnownFileType = sourcecode.swift; path = MovieListResponse.swift; sourceTree = "<group>"; };
		424E4B7F29F790C600235AE4 /* MovieCache.swift */ = {isa = PBXFileReference; lastKnownFileType = sourcecode.swift; path = MovieCache.swift; sourceTree = "<group>"; };
		424E4B8529F7C41F00235AE4 /* ParamProtocol.swift */ = {isa = PBXFileReference; lastKnownFileType = sourcecode.swift; path = ParamProtocol.swift; sourceTree = "<group>"; };
		424E4B8729F7C4C100235AE4 /* MovieParam.swift */ = {isa = PBXFileReference; lastKnownFileType = sourcecode.swift; path = MovieParam.swift; sourceTree = "<group>"; };
/* End PBXFileReference section */

/* Begin PBXFrameworksBuildPhase section */
		424E4B3129F7775500235AE4 /* Frameworks */ = {
			isa = PBXFrameworksBuildPhase;
			buildActionMask = 2147483647;
			files = (
				424E4B8329F7A64100235AE4 /* RemoteImage in Frameworks */,
			);
			runOnlyForDeploymentPostprocessing = 0;
		};
		424E4B4129F7775700235AE4 /* Frameworks */ = {
			isa = PBXFrameworksBuildPhase;
			buildActionMask = 2147483647;
			files = (
			);
			runOnlyForDeploymentPostprocessing = 0;
		};
		424E4B4B29F7775700235AE4 /* Frameworks */ = {
			isa = PBXFrameworksBuildPhase;
			buildActionMask = 2147483647;
			files = (
			);
			runOnlyForDeploymentPostprocessing = 0;
		};
/* End PBXFrameworksBuildPhase section */

/* Begin PBXGroup section */
		424E4B2B29F7775500235AE4 = {
			isa = PBXGroup;
			children = (
				424E4B3629F7775500235AE4 /* TheMovieDBSwift */,
				424E4B4729F7775700235AE4 /* TheMovieDBSwiftTests */,
				424E4B5129F7775700235AE4 /* TheMovieDBSwiftUITests */,
				424E4B3529F7775500235AE4 /* Products */,
			);
			sourceTree = "<group>";
		};
		424E4B3529F7775500235AE4 /* Products */ = {
			isa = PBXGroup;
			children = (
				424E4B3429F7775500235AE4 /* TheMovieDBSwift.app */,
				424E4B4429F7775700235AE4 /* TheMovieDBSwiftTests.xctest */,
				424E4B4E29F7775700235AE4 /* TheMovieDBSwiftUITests.xctest */,
			);
			name = Products;
			sourceTree = "<group>";
		};
		424E4B3629F7775500235AE4 /* TheMovieDBSwift */ = {
			isa = PBXGroup;
			children = (
				424E4B7A29F78FF600235AE4 /* Network */,
				424E4B6429F77ACC00235AE4 /* Domain */,
				424E4B6129F77AA000235AE4 /* Presentation */,
				424E4B3729F7775500235AE4 /* TheMovieDBSwiftApp.swift */,
				424E4B3B29F7775700235AE4 /* Assets.xcassets */,
				424E4B3D29F7775700235AE4 /* Preview Content */,
			);
			path = TheMovieDBSwift;
			sourceTree = "<group>";
		};
		424E4B3D29F7775700235AE4 /* Preview Content */ = {
			isa = PBXGroup;
			children = (
				424E4B3E29F7775700235AE4 /* Preview Assets.xcassets */,
			);
			path = "Preview Content";
			sourceTree = "<group>";
		};
		424E4B4729F7775700235AE4 /* TheMovieDBSwiftTests */ = {
			isa = PBXGroup;
			children = (
				424E4B4829F7775700235AE4 /* TheMovieDBSwiftTests.swift */,
			);
			path = TheMovieDBSwiftTests;
			sourceTree = "<group>";
		};
		424E4B5129F7775700235AE4 /* TheMovieDBSwiftUITests */ = {
			isa = PBXGroup;
			children = (
				424E4B5229F7775700235AE4 /* TheMovieDBSwiftUITests.swift */,
				424E4B5429F7775700235AE4 /* TheMovieDBSwiftUITestsLaunchTests.swift */,
			);
			path = TheMovieDBSwiftUITests;
			sourceTree = "<group>";
		};
		424E4B6129F77AA000235AE4 /* Presentation */ = {
			isa = PBXGroup;
			children = (
				424E4B6329F77ABD00235AE4 /* ViewModels */,
				424E4B6229F77AAB00235AE4 /* Views */,
			);
			path = Presentation;
			sourceTree = "<group>";
		};
		424E4B6229F77AAB00235AE4 /* Views */ = {
			isa = PBXGroup;
			children = (
				424E4B3929F7775500235AE4 /* ContentView.swift */,
				424E4B6D29F785D800235AE4 /* MovieListView.swift */,
				424E4B6F29F7866000235AE4 /* MovieListRowView.swift */,
				424E4B7129F787A000235AE4 /* MoviePosterView.swift */,
				424E4B7629F78DDF00235AE4 /* MovieDetailView.swift */,
			);
			path = Views;
			sourceTree = "<group>";
		};
		424E4B6329F77ABD00235AE4 /* ViewModels */ = {
			isa = PBXGroup;
			children = (
				424E4B6629F77C9400235AE4 /* MovieListViewModel.swift */,
				424E4B7829F78E2700235AE4 /* MovieDetailViewModel.swift */,
			);
			path = ViewModels;
			sourceTree = "<group>";
		};
		424E4B6429F77ACC00235AE4 /* Domain */ = {
			isa = PBXGroup;
			children = (
				424E4B8429F7C40100235AE4 /* Param */,
				424E4B6A29F77D0700235AE4 /* Entities */,
				424E4B6529F77AFF00235AE4 /* Repositories */,
			);
			path = Domain;
			sourceTree = "<group>";
		};
		424E4B6529F77AFF00235AE4 /* Repositories */ = {
			isa = PBXGroup;
			children = (
				424E4B6829F77CE300235AE4 /* MovieRepositoryProtocol.swift */,
			);
			path = Repositories;
			sourceTree = "<group>";
		};
		424E4B6A29F77D0700235AE4 /* Entities */ = {
			isa = PBXGroup;
			children = (
				424E4B6B29F77D2300235AE4 /* Movie.swift */,
				424E4B7D29F7905900235AE4 /* MovieListResponse.swift */,
			);
			path = Entities;
			sourceTree = "<group>";
		};
		424E4B7A29F78FF600235AE4 /* Network */ = {
			isa = PBXGroup;
			children = (
				424E4B7B29F7900C00235AE4 /* NetworkClient.swift */,
				424E4B7F29F790C600235AE4 /* MovieCache.swift */,
			);
			path = Network;
			sourceTree = "<group>";
		};
		424E4B8429F7C40100235AE4 /* Param */ = {
			isa = PBXGroup;
			children = (
				424E4B8529F7C41F00235AE4 /* ParamProtocol.swift */,
				424E4B8729F7C4C100235AE4 /* MovieParam.swift */,
			);
			path = Param;
			sourceTree = "<group>";
		};
/* End PBXGroup section */

/* Begin PBXNativeTarget section */
		424E4B3329F7775500235AE4 /* TheMovieDBSwift */ = {
			isa = PBXNativeTarget;
			buildConfigurationList = 424E4B5829F7775700235AE4 /* Build configuration list for PBXNativeTarget "TheMovieDBSwift" */;
			buildPhases = (
				424E4B3029F7775500235AE4 /* Sources */,
				424E4B3129F7775500235AE4 /* Frameworks */,
				424E4B3229F7775500235AE4 /* Resources */,
			);
			buildRules = (
			);
			dependencies = (
			);
			name = TheMovieDBSwift;
			packageProductDependencies = (
				424E4B8229F7A64100235AE4 /* RemoteImage */,
			);
			productName = TheMovieDBSwift;
			productReference = 424E4B3429F7775500235AE4 /* TheMovieDBSwift.app */;
			productType = "com.apple.product-type.application";
		};
		424E4B4329F7775700235AE4 /* TheMovieDBSwiftTests */ = {
			isa = PBXNativeTarget;
			buildConfigurationList = 424E4B5B29F7775700235AE4 /* Build configuration list for PBXNativeTarget "TheMovieDBSwiftTests" */;
			buildPhases = (
				424E4B4029F7775700235AE4 /* Sources */,
				424E4B4129F7775700235AE4 /* Frameworks */,
				424E4B4229F7775700235AE4 /* Resources */,
			);
			buildRules = (
			);
			dependencies = (
				424E4B4629F7775700235AE4 /* PBXTargetDependency */,
			);
			name = TheMovieDBSwiftTests;
			productName = TheMovieDBSwiftTests;
			productReference = 424E4B4429F7775700235AE4 /* TheMovieDBSwiftTests.xctest */;
			productType = "com.apple.product-type.bundle.unit-test";
		};
		424E4B4D29F7775700235AE4 /* TheMovieDBSwiftUITests */ = {
			isa = PBXNativeTarget;
			buildConfigurationList = 424E4B5E29F7775700235AE4 /* Build configuration list for PBXNativeTarget "TheMovieDBSwiftUITests" */;
			buildPhases = (
				424E4B4A29F7775700235AE4 /* Sources */,
				424E4B4B29F7775700235AE4 /* Frameworks */,
				424E4B4C29F7775700235AE4 /* Resources */,
			);
			buildRules = (
			);
			dependencies = (
				424E4B5029F7775700235AE4 /* PBXTargetDependency */,
			);
			name = TheMovieDBSwiftUITests;
			productName = TheMovieDBSwiftUITests;
			productReference = 424E4B4E29F7775700235AE4 /* TheMovieDBSwiftUITests.xctest */;
			productType = "com.apple.product-type.bundle.ui-testing";
		};
/* End PBXNativeTarget section */

/* Begin PBXProject section */
		424E4B2C29F7775500235AE4 /* Project object */ = {
			isa = PBXProject;
			attributes = {
				BuildIndependentTargetsInParallel = 1;
				LastSwiftUpdateCheck = 1420;
				LastUpgradeCheck = 1420;
				TargetAttributes = {
					424E4B3329F7775500235AE4 = {
						CreatedOnToolsVersion = 14.2;
					};
					424E4B4329F7775700235AE4 = {
						CreatedOnToolsVersion = 14.2;
						TestTargetID = 424E4B3329F7775500235AE4;
					};
					424E4B4D29F7775700235AE4 = {
						CreatedOnToolsVersion = 14.2;
						TestTargetID = 424E4B3329F7775500235AE4;
					};
				};
			};
			buildConfigurationList = 424E4B2F29F7775500235AE4 /* Build configuration list for PBXProject "TheMovieDBSwift" */;
			compatibilityVersion = "Xcode 14.0";
			developmentRegion = en;
			hasScannedForEncodings = 0;
			knownRegions = (
				en,
				Base,
			);
			mainGroup = 424E4B2B29F7775500235AE4;
			packageReferences = (
				424E4B8129F7A64100235AE4 /* XCRemoteSwiftPackageReference "RemoteImage" */,
			);
			productRefGroup = 424E4B3529F7775500235AE4 /* Products */;
			projectDirPath = "";
			projectRoot = "";
			targets = (
				424E4B3329F7775500235AE4 /* TheMovieDBSwift */,
				424E4B4329F7775700235AE4 /* TheMovieDBSwiftTests */,
				424E4B4D29F7775700235AE4 /* TheMovieDBSwiftUITests */,
			);
		};
/* End PBXProject section */

/* Begin PBXResourcesBuildPhase section */
		424E4B3229F7775500235AE4 /* Resources */ = {
			isa = PBXResourcesBuildPhase;
			buildActionMask = 2147483647;
			files = (
				424E4B3F29F7775700235AE4 /* Preview Assets.xcassets in Resources */,
				424E4B3C29F7775700235AE4 /* Assets.xcassets in Resources */,
			);
			runOnlyForDeploymentPostprocessing = 0;
		};
		424E4B4229F7775700235AE4 /* Resources */ = {
			isa = PBXResourcesBuildPhase;
			buildActionMask = 2147483647;
			files = (
			);
			runOnlyForDeploymentPostprocessing = 0;
		};
		424E4B4C29F7775700235AE4 /* Resources */ = {
			isa = PBXResourcesBuildPhase;
			buildActionMask = 2147483647;
			files = (
			);
			runOnlyForDeploymentPostprocessing = 0;
		};
/* End PBXResourcesBuildPhase section */

/* Begin PBXSourcesBuildPhase section */
		424E4B3029F7775500235AE4 /* Sources */ = {
			isa = PBXSourcesBuildPhase;
			buildActionMask = 2147483647;
			files = (
				424E4B7229F787A000235AE4 /* MoviePosterView.swift in Sources */,
				424E4B6929F77CE300235AE4 /* MovieRepositoryProtocol.swift in Sources */,
				424E4B3A29F7775500235AE4 /* ContentView.swift in Sources */,
				424E4B7C29F7900C00235AE4 /* NetworkClient.swift in Sources */,
				424E4B8829F7C4C100235AE4 /* MovieParam.swift in Sources */,
				424E4B7729F78DDF00235AE4 /* MovieDetailView.swift in Sources */,
				424E4B3829F7775500235AE4 /* TheMovieDBSwiftApp.swift in Sources */,
				424E4B7029F7866000235AE4 /* MovieListRowView.swift in Sources */,
				424E4B8629F7C41F00235AE4 /* ParamProtocol.swift in Sources */,
				424E4B7929F78E2700235AE4 /* MovieDetailViewModel.swift in Sources */,
				424E4B6729F77C9400235AE4 /* MovieListViewModel.swift in Sources */,
				424E4B8029F790C700235AE4 /* MovieCache.swift in Sources */,
				424E4B7E29F7905900235AE4 /* MovieListResponse.swift in Sources */,
				424E4B6C29F77D2300235AE4 /* Movie.swift in Sources */,
				424E4B6E29F785D800235AE4 /* MovieListView.swift in Sources */,
			);
			runOnlyForDeploymentPostprocessing = 0;
		};
		424E4B4029F7775700235AE4 /* Sources */ = {
			isa = PBXSourcesBuildPhase;
			buildActionMask = 2147483647;
			files = (
				424E4B4929F7775700235AE4 /* TheMovieDBSwiftTests.swift in Sources */,
			);
			runOnlyForDeploymentPostprocessing = 0;
		};
		424E4B4A29F7775700235AE4 /* Sources */ = {
			isa = PBXSourcesBuildPhase;
			buildActionMask = 2147483647;
			files = (
				424E4B5329F7775700235AE4 /* TheMovieDBSwiftUITests.swift in Sources */,
				424E4B5529F7775700235AE4 /* TheMovieDBSwiftUITestsLaunchTests.swift in Sources */,
			);
			runOnlyForDeploymentPostprocessing = 0;
		};
/* End PBXSourcesBuildPhase section */

/* Begin PBXTargetDependency section */
		424E4B4629F7775700235AE4 /* PBXTargetDependency */ = {
			isa = PBXTargetDependency;
			target = 424E4B3329F7775500235AE4 /* TheMovieDBSwift */;
			targetProxy = 424E4B4529F7775700235AE4 /* PBXContainerItemProxy */;
		};
		424E4B5029F7775700235AE4 /* PBXTargetDependency */ = {
			isa = PBXTargetDependency;
			target = 424E4B3329F7775500235AE4 /* TheMovieDBSwift */;
			targetProxy = 424E4B4F29F7775700235AE4 /* PBXContainerItemProxy */;
		};
/* End PBXTargetDependency section */

/* Begin XCBuildConfiguration section */
		424E4B5629F7775700235AE4 /* Debug */ = {
			isa = XCBuildConfiguration;
			buildSettings = {
				ALWAYS_SEARCH_USER_PATHS = NO;
				CLANG_ANALYZER_NONNULL = YES;
				CLANG_ANALYZER_NUMBER_OBJECT_CONVERSION = YES_AGGRESSIVE;
				CLANG_CXX_LANGUAGE_STANDARD = "gnu++20";
				CLANG_ENABLE_MODULES = YES;
				CLANG_ENABLE_OBJC_ARC = YES;
				CLANG_ENABLE_OBJC_WEAK = YES;
				CLANG_WARN_BLOCK_CAPTURE_AUTORELEASING = YES;
				CLANG_WARN_BOOL_CONVERSION = YES;
				CLANG_WARN_COMMA = YES;
				CLANG_WARN_CONSTANT_CONVERSION = YES;
				CLANG_WARN_DEPRECATED_OBJC_IMPLEMENTATIONS = YES;
				CLANG_WARN_DIRECT_OBJC_ISA_USAGE = YES_ERROR;
				CLANG_WARN_DOCUMENTATION_COMMENTS = YES;
				CLANG_WARN_EMPTY_BODY = YES;
				CLANG_WARN_ENUM_CONVERSION = YES;
				CLANG_WARN_INFINITE_RECURSION = YES;
				CLANG_WARN_INT_CONVERSION = YES;
				CLANG_WARN_NON_LITERAL_NULL_CONVERSION = YES;
				CLANG_WARN_OBJC_IMPLICIT_RETAIN_SELF = YES;
				CLANG_WARN_OBJC_LITERAL_CONVERSION = YES;
				CLANG_WARN_OBJC_ROOT_CLASS = YES_ERROR;
				CLANG_WARN_QUOTED_INCLUDE_IN_FRAMEWORK_HEADER = YES;
				CLANG_WARN_RANGE_LOOP_ANALYSIS = YES;
				CLANG_WARN_STRICT_PROTOTYPES = YES;
				CLANG_WARN_SUSPICIOUS_MOVE = YES;
				CLANG_WARN_UNGUARDED_AVAILABILITY = YES_AGGRESSIVE;
				CLANG_WARN_UNREACHABLE_CODE = YES;
				CLANG_WARN__DUPLICATE_METHOD_MATCH = YES;
				COPY_PHASE_STRIP = NO;
				DEBUG_INFORMATION_FORMAT = dwarf;
				ENABLE_STRICT_OBJC_MSGSEND = YES;
				ENABLE_TESTABILITY = YES;
				GCC_C_LANGUAGE_STANDARD = gnu11;
				GCC_DYNAMIC_NO_PIC = NO;
				GCC_NO_COMMON_BLOCKS = YES;
				GCC_OPTIMIZATION_LEVEL = 0;
				GCC_PREPROCESSOR_DEFINITIONS = (
					"DEBUG=1",
					"$(inherited)",
				);
				GCC_WARN_64_TO_32_BIT_CONVERSION = YES;
				GCC_WARN_ABOUT_RETURN_TYPE = YES_ERROR;
				GCC_WARN_UNDECLARED_SELECTOR = YES;
				GCC_WARN_UNINITIALIZED_AUTOS = YES_AGGRESSIVE;
				GCC_WARN_UNUSED_FUNCTION = YES;
				GCC_WARN_UNUSED_VARIABLE = YES;
				IPHONEOS_DEPLOYMENT_TARGET = 16.2;
				MTL_ENABLE_DEBUG_INFO = INCLUDE_SOURCE;
				MTL_FAST_MATH = YES;
				ONLY_ACTIVE_ARCH = YES;
				SDKROOT = iphoneos;
				SWIFT_ACTIVE_COMPILATION_CONDITIONS = DEBUG;
				SWIFT_OPTIMIZATION_LEVEL = "-Onone";
			};
			name = Debug;
		};
		424E4B5729F7775700235AE4 /* Release */ = {
			isa = XCBuildConfiguration;
			buildSettings = {
				ALWAYS_SEARCH_USER_PATHS = NO;
				CLANG_ANALYZER_NONNULL = YES;
				CLANG_ANALYZER_NUMBER_OBJECT_CONVERSION = YES_AGGRESSIVE;
				CLANG_CXX_LANGUAGE_STANDARD = "gnu++20";
				CLANG_ENABLE_MODULES = YES;
				CLANG_ENABLE_OBJC_ARC = YES;
				CLANG_ENABLE_OBJC_WEAK = YES;
				CLANG_WARN_BLOCK_CAPTURE_AUTORELEASING = YES;
				CLANG_WARN_BOOL_CONVERSION = YES;
				CLANG_WARN_COMMA = YES;
				CLANG_WARN_CONSTANT_CONVERSION = YES;
				CLANG_WARN_DEPRECATED_OBJC_IMPLEMENTATIONS = YES;
				CLANG_WARN_DIRECT_OBJC_ISA_USAGE = YES_ERROR;
				CLANG_WARN_DOCUMENTATION_COMMENTS = YES;
				CLANG_WARN_EMPTY_BODY = YES;
				CLANG_WARN_ENUM_CONVERSION = YES;
				CLANG_WARN_INFINITE_RECURSION = YES;
				CLANG_WARN_INT_CONVERSION = YES;
				CLANG_WARN_NON_LITERAL_NULL_CONVERSION = YES;
				CLANG_WARN_OBJC_IMPLICIT_RETAIN_SELF = YES;
				CLANG_WARN_OBJC_LITERAL_CONVERSION = YES;
				CLANG_WARN_OBJC_ROOT_CLASS = YES_ERROR;
				CLANG_WARN_QUOTED_INCLUDE_IN_FRAMEWORK_HEADER = YES;
				CLANG_WARN_RANGE_LOOP_ANALYSIS = YES;
				CLANG_WARN_STRICT_PROTOTYPES = YES;
				CLANG_WARN_SUSPICIOUS_MOVE = YES;
				CLANG_WARN_UNGUARDED_AVAILABILITY = YES_AGGRESSIVE;
				CLANG_WARN_UNREACHABLE_CODE = YES;
				CLANG_WARN__DUPLICATE_METHOD_MATCH = YES;
				COPY_PHASE_STRIP = NO;
				DEBUG_INFORMATION_FORMAT = "dwarf-with-dsym";
				ENABLE_NS_ASSERTIONS = NO;
				ENABLE_STRICT_OBJC_MSGSEND = YES;
				GCC_C_LANGUAGE_STANDARD = gnu11;
				GCC_NO_COMMON_BLOCKS = YES;
				GCC_WARN_64_TO_32_BIT_CONVERSION = YES;
				GCC_WARN_ABOUT_RETURN_TYPE = YES_ERROR;
				GCC_WARN_UNDECLARED_SELECTOR = YES;
				GCC_WARN_UNINITIALIZED_AUTOS = YES_AGGRESSIVE;
				GCC_WARN_UNUSED_FUNCTION = YES;
				GCC_WARN_UNUSED_VARIABLE = YES;
				IPHONEOS_DEPLOYMENT_TARGET = 16.2;
				MTL_ENABLE_DEBUG_INFO = NO;
				MTL_FAST_MATH = YES;
				SDKROOT = iphoneos;
				SWIFT_COMPILATION_MODE = wholemodule;
				SWIFT_OPTIMIZATION_LEVEL = "-O";
				VALIDATE_PRODUCT = YES;
			};
			name = Release;
		};
		424E4B5929F7775700235AE4 /* Debug */ = {
			isa = XCBuildConfiguration;
			buildSettings = {
				ASSETCATALOG_COMPILER_APPICON_NAME = AppIcon;
				ASSETCATALOG_COMPILER_GLOBAL_ACCENT_COLOR_NAME = AccentColor;
				CODE_SIGN_STYLE = Automatic;
				CURRENT_PROJECT_VERSION = 1;
				DEVELOPMENT_ASSET_PATHS = "\"TheMovieDBSwift/Preview Content\"";
				ENABLE_PREVIEWS = YES;
				GENERATE_INFOPLIST_FILE = YES;
				INFOPLIST_KEY_UIApplicationSceneManifest_Generation = YES;
				INFOPLIST_KEY_UIApplicationSupportsIndirectInputEvents = YES;
				INFOPLIST_KEY_UILaunchScreen_Generation = YES;
				INFOPLIST_KEY_UISupportedInterfaceOrientations_iPad = "UIInterfaceOrientationPortrait UIInterfaceOrientationPortraitUpsideDown UIInterfaceOrientationLandscapeLeft UIInterfaceOrientationLandscapeRight";
				INFOPLIST_KEY_UISupportedInterfaceOrientations_iPhone = "UIInterfaceOrientationPortrait UIInterfaceOrientationLandscapeLeft UIInterfaceOrientationLandscapeRight";
				LD_RUNPATH_SEARCH_PATHS = (
					"$(inherited)",
					"@executable_path/Frameworks",
				);
				MARKETING_VERSION = 1.0;
				PRODUCT_BUNDLE_IDENTIFIER = executionlab.asia.TheMovieDBSwift;
				PRODUCT_NAME = "$(TARGET_NAME)";
				SWIFT_EMIT_LOC_STRINGS = YES;
				SWIFT_VERSION = 5.0;
				TARGETED_DEVICE_FAMILY = "1,2";
			};
			name = Debug;
		};
		424E4B5A29F7775700235AE4 /* Release */ = {
			isa = XCBuildConfiguration;
			buildSettings = {
				ASSETCATALOG_COMPILER_APPICON_NAME = AppIcon;
				ASSETCATALOG_COMPILER_GLOBAL_ACCENT_COLOR_NAME = AccentColor;
				CODE_SIGN_STYLE = Automatic;
				CURRENT_PROJECT_VERSION = 1;
				DEVELOPMENT_ASSET_PATHS = "\"TheMovieDBSwift/Preview Content\"";
				ENABLE_PREVIEWS = YES;
				GENERATE_INFOPLIST_FILE = YES;
				INFOPLIST_KEY_UIApplicationSceneManifest_Generation = YES;
				INFOPLIST_KEY_UIApplicationSupportsIndirectInputEvents = YES;
				INFOPLIST_KEY_UILaunchScreen_Generation = YES;
				INFOPLIST_KEY_UISupportedInterfaceOrientations_iPad = "UIInterfaceOrientationPortrait UIInterfaceOrientationPortraitUpsideDown UIInterfaceOrientationLandscapeLeft UIInterfaceOrientationLandscapeRight";
				INFOPLIST_KEY_UISupportedInterfaceOrientations_iPhone = "UIInterfaceOrientationPortrait UIInterfaceOrientationLandscapeLeft UIInterfaceOrientationLandscapeRight";
				LD_RUNPATH_SEARCH_PATHS = (
					"$(inherited)",
					"@executable_path/Frameworks",
				);
				MARKETING_VERSION = 1.0;
				PRODUCT_BUNDLE_IDENTIFIER = executionlab.asia.TheMovieDBSwift;
				PRODUCT_NAME = "$(TARGET_NAME)";
				SWIFT_EMIT_LOC_STRINGS = YES;
				SWIFT_VERSION = 5.0;
				TARGETED_DEVICE_FAMILY = "1,2";
			};
			name = Release;
		};
		424E4B5C29F7775700235AE4 /* Debug */ = {
			isa = XCBuildConfiguration;
			buildSettings = {
				ALWAYS_EMBED_SWIFT_STANDARD_LIBRARIES = YES;
				BUNDLE_LOADER = "$(TEST_HOST)";
				CODE_SIGN_STYLE = Automatic;
				CURRENT_PROJECT_VERSION = 1;
				GENERATE_INFOPLIST_FILE = YES;
				IPHONEOS_DEPLOYMENT_TARGET = 16.2;
				MARKETING_VERSION = 1.0;
				PRODUCT_BUNDLE_IDENTIFIER = executionlab.asia.TheMovieDBSwiftTests;
				PRODUCT_NAME = "$(TARGET_NAME)";
				SWIFT_EMIT_LOC_STRINGS = NO;
				SWIFT_VERSION = 5.0;
				TARGETED_DEVICE_FAMILY = "1,2";
				TEST_HOST = "$(BUILT_PRODUCTS_DIR)/TheMovieDBSwift.app/$(BUNDLE_EXECUTABLE_FOLDER_PATH)/TheMovieDBSwift";
			};
			name = Debug;
		};
		424E4B5D29F7775700235AE4 /* Release */ = {
			isa = XCBuildConfiguration;
			buildSettings = {
				ALWAYS_EMBED_SWIFT_STANDARD_LIBRARIES = YES;
				BUNDLE_LOADER = "$(TEST_HOST)";
				CODE_SIGN_STYLE = Automatic;
				CURRENT_PROJECT_VERSION = 1;
				GENERATE_INFOPLIST_FILE = YES;
				IPHONEOS_DEPLOYMENT_TARGET = 16.2;
				MARKETING_VERSION = 1.0;
				PRODUCT_BUNDLE_IDENTIFIER = executionlab.asia.TheMovieDBSwiftTests;
				PRODUCT_NAME = "$(TARGET_NAME)";
				SWIFT_EMIT_LOC_STRINGS = NO;
				SWIFT_VERSION = 5.0;
				TARGETED_DEVICE_FAMILY = "1,2";
				TEST_HOST = "$(BUILT_PRODUCTS_DIR)/TheMovieDBSwift.app/$(BUNDLE_EXECUTABLE_FOLDER_PATH)/TheMovieDBSwift";
			};
			name = Release;
		};
		424E4B5F29F7775700235AE4 /* Debug */ = {
			isa = XCBuildConfiguration;
			buildSettings = {
				ALWAYS_EMBED_SWIFT_STANDARD_LIBRARIES = YES;
				CODE_SIGN_STYLE = Automatic;
				CURRENT_PROJECT_VERSION = 1;
				GENERATE_INFOPLIST_FILE = YES;
				MARKETING_VERSION = 1.0;
				PRODUCT_BUNDLE_IDENTIFIER = executionlab.asia.TheMovieDBSwiftUITests;
				PRODUCT_NAME = "$(TARGET_NAME)";
				SWIFT_EMIT_LOC_STRINGS = NO;
				SWIFT_VERSION = 5.0;
				TARGETED_DEVICE_FAMILY = "1,2";
				TEST_TARGET_NAME = TheMovieDBSwift;
			};
			name = Debug;
		};
		424E4B6029F7775700235AE4 /* Release */ = {
			isa = XCBuildConfiguration;
			buildSettings = {
				ALWAYS_EMBED_SWIFT_STANDARD_LIBRARIES = YES;
				CODE_SIGN_STYLE = Automatic;
				CURRENT_PROJECT_VERSION = 1;
				GENERATE_INFOPLIST_FILE = YES;
				MARKETING_VERSION = 1.0;
				PRODUCT_BUNDLE_IDENTIFIER = executionlab.asia.TheMovieDBSwiftUITests;
				PRODUCT_NAME = "$(TARGET_NAME)";
				SWIFT_EMIT_LOC_STRINGS = NO;
				SWIFT_VERSION = 5.0;
				TARGETED_DEVICE_FAMILY = "1,2";
				TEST_TARGET_NAME = TheMovieDBSwift;
			};
			name = Release;
		};
/* End XCBuildConfiguration section */

/* Begin XCConfigurationList section */
		424E4B2F29F7775500235AE4 /* Build configuration list for PBXProject "TheMovieDBSwift" */ = {
			isa = XCConfigurationList;
			buildConfigurations = (
				424E4B5629F7775700235AE4 /* Debug */,
				424E4B5729F7775700235AE4 /* Release */,
			);
			defaultConfigurationIsVisible = 0;
			defaultConfigurationName = Release;
		};
		424E4B5829F7775700235AE4 /* Build configuration list for PBXNativeTarget "TheMovieDBSwift" */ = {
			isa = XCConfigurationList;
			buildConfigurations = (
				424E4B5929F7775700235AE4 /* Debug */,
				424E4B5A29F7775700235AE4 /* Release */,
			);
			defaultConfigurationIsVisible = 0;
			defaultConfigurationName = Release;
		};
		424E4B5B29F7775700235AE4 /* Build configuration list for PBXNativeTarget "TheMovieDBSwiftTests" */ = {
			isa = XCConfigurationList;
			buildConfigurations = (
				424E4B5C29F7775700235AE4 /* Debug */,
				424E4B5D29F7775700235AE4 /* Release */,
			);
			defaultConfigurationIsVisible = 0;
			defaultConfigurationName = Release;
		};
		424E4B5E29F7775700235AE4 /* Build configuration list for PBXNativeTarget "TheMovieDBSwiftUITests" */ = {
			isa = XCConfigurationList;
			buildConfigurations = (
				424E4B5F29F7775700235AE4 /* Debug */,
				424E4B6029F7775700235AE4 /* Release */,
			);
			defaultConfigurationIsVisible = 0;
			defaultConfigurationName = Release;
		};
/* End XCConfigurationList section */

/* Begin XCRemoteSwiftPackageReference section */
		424E4B8129F7A64100235AE4 /* XCRemoteSwiftPackageReference "RemoteImage" */ = {
			isa = XCRemoteSwiftPackageReference;
			repositoryURL = "https://github.com/crelies/RemoteImage.git";
			requirement = {
				kind = upToNextMajorVersion;
				minimumVersion = 4.0.0;
			};
		};
/* End XCRemoteSwiftPackageReference section */

/* Begin XCSwiftPackageProductDependency section */
		424E4B8229F7A64100235AE4 /* RemoteImage */ = {
			isa = XCSwiftPackageProductDependency;
			package = 424E4B8129F7A64100235AE4 /* XCRemoteSwiftPackageReference "RemoteImage" */;
			productName = RemoteImage;
		};
/* End XCSwiftPackageProductDependency section */
	};
	rootObject = 424E4B2C29F7775500235AE4 /* Project object */;
}
